
Microsoft Visual Studio Solution File, Format Version 11.00
# Visual Studio 2010
Project("{FAE04EC0-301F-11D3-BF4B-00C04F79EFBC}") = "vrnd-course1-starter-project-005 2", "Assembly-CSharp.csproj", "{452D37AE-5EE6-F6BA-B990-6D0EBDD31969}"
EndProject
Project("{FAE04EC0-301F-11D3-BF4B-00C04F79EFBC}") = "vrnd-course1-starter-project-005 2", "Assembly-CSharp-Editor.csproj", "{4E1A29E8-E804-7823-02D1-53A1594BD9D6}"
EndProject
Global
	GlobalSection(SolutionConfigurationPlatforms) = preSolution
		Debug|Any CPU = Debug|Any CPU
		Release|Any CPU = Release|Any CPU
	EndGlobalSection
	GlobalSection(ProjectConfigurationPlatforms) = postSolution
		{452D37AE-5EE6-F6BA-B990-6D0EBDD31969}.Debug|Any CPU.ActiveCfg = Debug|Any CPU
		{452D37AE-5EE6-F6BA-B990-6D0EBDD31969}.Debug|Any CPU.Build.0 = Debug|Any CPU
		{452D37AE-5EE6-F6BA-B990-6D0EBDD31969}.Release|Any CPU.ActiveCfg = Release|Any CPU
		{452D37AE-5EE6-F6BA-B990-6D0EBDD31969}.Release|Any CPU.Build.0 = Release|Any CPU
		{4E1A29E8-E804-7823-02D1-53A1594BD9D6}.Debug|Any CPU.ActiveCfg = Debug|Any CPU
		{4E1A29E8-E804-7823-02D1-53A1594BD9D6}.Debug|Any CPU.Build.0 = Debug|Any CPU
		{4E1A29E8-E804-7823-02D1-53A1594BD9D6}.Release|Any CPU.ActiveCfg = Release|Any CPU
		{4E1A29E8-E804-7823-02D1-53A1594BD9D6}.Release|Any CPU.Build.0 = Release|Any CPU
	EndGlobalSection
	GlobalSection(SolutionProperties) = preSolution
		HideSolutionNode = FALSE
	EndGlobalSection
	GlobalSection(MonoDevelopProperties) = preSolution
		StartupItem = Assembly-CSharp.csproj
	EndGlobalSection
EndGlobal
